
Microsoft Visual Studio Solution File, Format Version 12.00
# Visual Studio 2013
VisualStudioVersion = 12.0.21005.1
MinimumVisualStudioVersion = 10.0.40219.1
Project("{FAE04EC0-301F-11D3-BF4B-00C04F79EFBC}") = "BigProject", "BigProject\BigProject.csproj", "{19774884-8E48-49AC-B4BB-1502BD8217C1}"
EndProject
Project("{FAE04EC0-301F-11D3-BF4B-00C04F79EFBC}") = "DBLib", "DBLib\DBLib.csproj", "{9F4C59E9-3855-4198-824F-52AC02F1AC36}"
EndProject
Project("{FAE04EC0-301F-11D3-BF4B-00C04F79EFBC}") = "SequrityLib", "SequrityLib\SequrityLib.csproj", "{02EC5ED9-D82F-4072-BF70-91D49547A405}"
EndProject
Global
	GlobalSection(SolutionConfigurationPlatforms) = preSolution
		Debug|Any CPU = Debug|Any CPU
		Release|Any CPU = Release|Any CPU
	EndGlobalSection
	GlobalSection(ProjectConfigurationPlatforms) = postSolution
		{19774884-8E48-49AC-B4BB-1502BD8217C1}.Debug|Any CPU.ActiveCfg = Debug|Any CPU
		{19774884-8E48-49AC-B4BB-1502BD8217C1}.Debug|Any CPU.Build.0 = Debug|Any CPU
		{19774884-8E48-49AC-B4BB-1502BD8217C1}.Release|Any CPU.ActiveCfg = Release|Any CPU
		{19774884-8E48-49AC-B4BB-1502BD8217C1}.Release|Any CPU.Build.0 = Release|Any CPU
		{9F4C59E9-3855-4198-824F-52AC02F1AC36}.Debug|Any CPU.ActiveCfg = Debug|Any CPU
		{9F4C59E9-3855-4198-824F-52AC02F1AC36}.Debug|Any CPU.Build.0 = Debug|Any CPU
		{9F4C59E9-3855-4198-824F-52AC02F1AC36}.Release|Any CPU.ActiveCfg = Release|Any CPU
		{9F4C59E9-3855-4198-824F-52AC02F1AC36}.Release|Any CPU.Build.0 = Release|Any CPU
		{02EC5ED9-D82F-4072-BF70-91D49547A405}.Debug|Any CPU.ActiveCfg = Debug|Any CPU
		{02EC5ED9-D82F-4072-BF70-91D49547A405}.Debug|Any CPU.Build.0 = Debug|Any CPU
		{02EC5ED9-D82F-4072-BF70-91D49547A405}.Release|Any CPU.ActiveCfg = Release|Any CPU
		{02EC5ED9-D82F-4072-BF70-91D49547A405}.Release|Any CPU.Build.0 = Release|Any CPU
	EndGlobalSection
	GlobalSection(SolutionProperties) = preSolution
		HideSolutionNode = FALSE
	EndGlobalSection
EndGlobal
